github.com/nickwells/check.mod/v2 v2.0.1 h1:6SOl+7dgWcts/70rhHMSZsuIRmah6tAl/jHxqkg9z30=
github.com/nickwells/check.mod/v2 v2.0.1/go.mod h1:7g9v5zh28BWeSQ/ZFJ4SEgAFwwJv3WY8K85VWaWs63k=
github.com/nickwells/col.mod/v3 v3.0.4 h1:oaS31v6Z+v24jqdVH/6N9j7dyIHM3yPbMOO7xWYfQqs=
github.com/nickwells/col.mod/v3 v3.0.4/go.mod h1:nf5dh2HFGoxpd/mBSfjWcenHFRYJzqxZKRbSRL4aNm8=
github.com/nickwells/english.mod v1.0.16 h1:DIWrgCAq8rKMFfjACOHrvi/sSo5Z0UfO8f+cKZpKKUE=
github.com/nickwells/english.mod v1.0.16/go.mod h1:rJ69JHmOu68yKJCOfJduG9DFAezwACpilpuhuePD/MU=
github.com/nickwells/errutil.mod v1.2.3 h1:/7ESZFM4nb6IPy87zHWOd3or+FkzU59C3zq1Q/VrZHo=
github.com/nickwells/errutil.mod v1.2.3/go.mod h1:7/AYomiQT7w34jU77QQTkPpUtafUxh2EBCK0MABVUFo=
github.com/nickwells/filecheck.mod v1.1.13 h1:tgJFNjImN2aZltvnupodfLVeSxEZkDvWaFM+GO1WG8A=
github.com/nickwells/filecheck.mod v1.1.13/go.mod h1:kuaYgdZXK2RQMm6oTvTl/B+xXldVTXb9pQJBwFiCBow=
github.com/nickwells/fileparse.mod v1.1.25 h1:YgzvmX+JzVuDAkAWWMHNqmFD5TwHiZbRvYjI2hrXrao=
github.com/nickwells/fileparse.mod v1.1.25/go.mod h1:/HqbpJklsFpsOsNY5zdif6a+vz14NFtr2m5n3LXWsQg=
github.com/nickwells/location.mod v1.2.21 h1:50jwMtA6jcoMPm+J86Oa0t/tS54XkB84FwBESaXyrx8=
github.com/nickwells/location.mod v1.2.21/go.mod h1:RQeUF+JVwMmVzlYKTRObaaWOldQj5HlCSL6simA3hEc=
github.com/nickwells/mathutil.mod/v2 v2.0.0 h1:whbLvr3E4wAHfoZ4JoMhQly/+6oq5IRVRxQYdjCg19I=
github.com/nickwells/mathutil.mod/v2 v2.0.0/go.mod h1:mjxudHSwn6+1w3Z4eP4TBfzyd9pPxHFYYJ8HAqPgIw4=
github.com/nickwells/pager.mod v1.0.9 h1:DV8jdmQkuQsUmaS2vR0mdDwr2R+aiDVDabH96jds0Io=
github.com/nickwells/pager.mod v1.0.9/go.mod h1:rRmwJHKd/xaSpi/xqJv7P7IJUtFeoJ9s/8yoJ+mh+tM=
github.com/nickwells/param.mod/v5 v5.14.2 h1:n+yO2mUT2wCJMMW/ScVu7QduXzphOYTWCMLOyOSrlZ4=
github.com/nickwells/param.mod/v5 v5.14.2/go.mod h1:y6eYeaAXMSCt/6C8S1I9RVDY8gbffCsfA6bJT0Ed2uU=
github.com/nickwells/strdist.mod v1.1.5 h1:sEmdvCbEdYQizwhuqOF3XfgW5g9JYcmENUr6kY7woJA=
github.com/nickwells/strdist.mod v1.1.5/go.mod h1:Qo7QaP9wEOOebO5E0BNTvjpZXL3dDdukP69rzvRUgYE=
github.com/nickwells/testhelper.mod/v2 v2.0.0 h1:g4QqEDymswzvLa7oGlzbTFX3/17lNNjW09lcl6jso1c=
github.com/nickwells/twrap.mod v1.4.17 h1:V6tgiCZyA3imfk5Nv1SkghbzkfOk/hJHg5x7FGdzEik=
github.com/nickwells/twrap.mod v1.4.17/go.mod h1:6f8u+gn+HkSQ6w3pFm43h6jbvNvo0fx3x7c+rHBSmlI=
github.com/nickwells/xdg.mod v1.0.5 h1:BkCim2ft//W1dlmh96z39YpIL4dJE7UQ1dDcMHtnfdU=
github.com/nickwells/xdg.mod v1.0.5/go.mod h1:h8lRJMpY6oXdD6E3jJuolpO9QJE5FcTvUe8eyRzgyQo=
golang.org/x/exp v0.0.0-20220428152302-39d4317da171 h1:TfdoLivD44QwvssI9Sv1xwa5DcL5XQr4au4sZ2F2NV4=
golang.org/x/exp v0.0.0-20220428152302-39d4317da171/go.mod h1:lgLbSvA5ygNOMpwM/9anMpWVlVJ7Z+cHWq/eFuinpGE=
golang.org/x/sys v0.0.0-20220503163025-988cb79eb6c6 h1:nonptSpoQ4vQjyraW20DXPAglgQfVnM9ZC6MmNLMR60=
golang.org/x/sys v0.0.0-20220503163025-988cb79eb6c6/go.mod h1:oPkhp1MJrh7nUepCBck5+mAzfO9JrbApNNgaTdGDITg=
golang.org/x/term v0.0.0-20220411215600-e5f449aeb171 h1:EH1Deb8WZJ0xc0WK//leUHXcX9aLE5SymusoTmMZye8=
golang.org/x/term v0.0.0-20220411215600-e5f449aeb171/go.mod h1:jbD1KX2456YbFQfuXm/mYQcufACuNUgVhRMnK/tPxf8=
