github.com/nickwells/check.mod/v2 v2.1.15 h1:MNMoWeeBdpFa/03UrJmZLh9g/o/dbFLBeRzvLsmuihU=
github.com/nickwells/check.mod/v2 v2.1.15/go.mod h1:R5A8cJv1fU1m2rFjQCdxOfqLSLtQStdC8KraapRkadg=
github.com/nickwells/col.mod/v4 v4.0.1 h1:cJJIRJAGeti02sBskAL6PKfIKxjCMKD+/ESA6VYs87A=
github.com/nickwells/col.mod/v4 v4.0.1/go.mod h1:BEH+bI5jQiDqUmevKX/hCwdIUItsHm/sG8jlf99U0TM=
github.com/nickwells/dirsearch.mod/v2 v2.0.15 h1:u4+E+lvmlUPYfnHrhmkClLojFqUQRFausQwW6Hs6xME=
github.com/nickwells/dirsearch.mod/v2 v2.0.15/go.mod h1:LTZJiUlHWaH7msyGPGKzbckjHK8C6A4z8udkWZl/G+g=
github.com/nickwells/english.mod v1.1.6 h1:dDWM1+YLZ5CxAgWkYfjXe9cV5MgHlCYY15Dk98zoK5c=
github.com/nickwells/english.mod v1.1.6/go.mod h1:TZeDDSzQc+c7w0xT/MhrXrG/4tD3N10vwsxzDhJDlD4=
github.com/nickwells/errutil.mod v1.2.15 h1:8bkMQQ7qtUDIuBb32WFi+7Ti0iqusU9zGg1KS3u86Q0=
github.com/nickwells/errutil.mod v1.2.15/go.mod h1:l7Z90GLyeBRctjaxmmIkrXIJsvcX1DPpFHRSak0jMSc=
github.com/nickwells/filecheck.mod v1.2.1 h1:Ea1zYEdprmRxwylxu3JPDz9m40nAftkBagjN3OFzTlc=
github.com/nickwells/filecheck.mod v1.2.1/go.mod h1:b3OBBTbkAWE232vzwxJY3fxvDpcJ1MrbjFXbH3iEVcc=
github.com/nickwells/fileparse.mod v1.1.32 h1:1O3WdAmqDoDTSXisepcbY+uRuZyWXJD++f0yg1WPJiA=
github.com/nickwells/fileparse.mod v1.1.32/go.mod h1:qop+lOEzjTlf2YcBsP/D54i4JI0l9A+SealKt9dSu0c=
github.com/nickwells/location.mod v1.2.28 h1:bwU8mBtblM5kCl4SNLJp0cKMgBOgJk7EDlbK7us6llo=
github.com/nickwells/location.mod v1.2.28/go.mod h1:ew5v3ljcRJ/08h77FThWHmaY0oB/PqeRu1NfG6SM0OI=
github.com/nickwells/mathutil.mod/v2 v2.5.0 h1:11axdspXsBwUdedLZwW0Wb7aOldcHqxHAIQlem0CHvs=
github.com/nickwells/mathutil.mod/v2 v2.5.0/go.mod h1:qhDRs8OS05VNhQonSbuSFS/Y4a0l+UvX80A65SlN9Hc=
github.com/nickwells/pager.mod v1.0.12 h1:0owbyuSk8fxJvYmeubNFuD5r2oP02em8gIPV5R6SPYM=
github.com/nickwells/pager.mod v1.0.12/go.mod h1:Ym8cMsi1yTo9Dv1fpJKqZhfk3QT6rduQ+MUAmges9PE=
github.com/nickwells/param.mod/v6 v6.2.0 h1:shwZgGzmUmPHUq1kNKDJ2/B5QKMedGQ/CKXrOsijIUE=
github.com/nickwells/param.mod/v6 v6.2.0/go.mod h1:RWHOcSvbmrVixxPtV1Z1teJv77szjpVKoZ62wknXYcw=
github.com/nickwells/strdist.mod/v2 v2.0.1 h1:5pW7KXluGC4Vsvf4Vqjb+82SjP+82i0VXJGt/VeiIrw=
github.com/nickwells/strdist.mod/v2 v2.0.1/go.mod h1:567A/JRzmSGLAQuxWV+RZ7QMgxpqp48Ds6waYC42lmI=
github.com/nickwells/tempus.mod v1.2.1 h1:9JqMOHZLNoxtjba/UBJGbK0/Wzp98hVf58WT2McsR/I=
github.com/nickwells/tempus.mod v1.2.1/go.mod h1:fW4rAGiPVh4DGS9cq1Osa5zVMZwVqLPH6hPWFRF0p40=
github.com/nickwells/testhelper.mod/v2 v2.3.1 h1:+MoIM5+l+rS6koT4YWxhD6mA9sdzYT5DgYrf/4d/j/s=
github.com/nickwells/testhelper.mod/v2 v2.3.1/go.mod h1:sqfsJGl4kHsjaFeHMnitr54GVR5GWX6RN693zSPonOg=
github.com/nickwells/twrap.mod v1.5.5 h1:WKKomXdw5rz0AJI55zS5RACUIagKR3Hh+9ejgmWbW/8=
github.com/nickwells/twrap.mod v1.5.5/go.mod h1:5byyUQKRBsC4C6GAKdyRqpux4AQj6fzVNq/eyKOihL0=
github.com/nickwells/versionparams.mod v1.2.10 h1:jzLaLeirjPX41+xUE4LFjc5/xtlxk2L1Qcl+oNNZc1g=
github.com/nickwells/versionparams.mod v1.2.10/go.mod h1:83TUBVeoqJCfwEwSzeQK/iiZ5+4fqOomC9NFvIvIASo=
github.com/nickwells/xdg.mod v1.0.10 h1:5VtR7yUy+r9xm5Rnt3PkTzvmlq8ZeLRPJsWtCWl7KAs=
github.com/nickwells/xdg.mod v1.0.10/go.mod h1:A9TRwwLG/nHo8snq4XHjPteDNAVHYRwPUo54CAwhTEA=
golang.org/x/exp v0.0.0-20250228200357-dead58393ab7 h1:aWwlzYV971S4BXRS9AmqwDLAD85ouC6X+pocatKY58c=
golang.org/x/exp v0.0.0-20250228200357-dead58393ab7/go.mod h1:BHOTPb3L19zxehTsLoJXVaTktb06DFgmdW6Wb9s8jqk=
golang.org/x/mod v0.24.0 h1:ZfthKaKaT4NrhGVZHO1/WDTwGES4De8KtWO0SIbNJMU=
golang.org/x/mod v0.24.0/go.mod h1:IXM97Txy2VM4PJ3gI61r1YEk/gAj6zAHN3AdZt6S9Ww=
golang.org/x/sys v0.31.0 h1:ioabZlmFYtWhL+TRYpcnNlLwhyxaM9kWTDEmfnprqik=
golang.org/x/sys v0.31.0/go.mod h1:BJP2sWEmIv4KK5OTEluFJCKSidICx8ciO85XgH3Ak8k=
golang.org/x/term v0.29.0 h1:L6pJp37ocefwRRtYPKSWOWzOtWSxVajvz2ldH/xi3iU=
golang.org/x/term v0.29.0/go.mod h1:6bl4lRlvVuDgSf3179VpIxBF0o10JUpXWOnI7nErv7s=
